// !$*UTF8*$!
{
	archiveVersion = 1;
	classes = {
	};
	objectVersion = 56;
	objects = {

/* Begin PBXBuildFile section */
		5D2A37322C2EAE4E00765F1E /* SwiftUIView.swift in Sources */ = {isa = PBXBuildFile; fileRef = 5D2A37312C2EAE4E00765F1E /* SwiftUIView.swift */; };
		5D2E2A0F2C2BCA1B00111C09 /* RealityKitContent in Frameworks */ = {isa = PBXBuildFile; productRef = 5D2E2A0E2C2BCA1B00111C09 /* RealityKitContent */; };
		5D2E2A112C2BCA1B00111C09 /* TwoApp.swift in Sources */ = {isa = PBXBuildFile; fileRef = 5D2E2A102C2BCA1B00111C09 /* TwoApp.swift */; };
		5D2E2A132C2BCA1B00111C09 /* ContentView.swift in Sources */ = {isa = PBXBuildFile; fileRef = 5D2E2A122C2BCA1B00111C09 /* ContentView.swift */; };
		5D2E2A152C2BCA1B00111C09 /* Assets.xcassets in Resources */ = {isa = PBXBuildFile; fileRef = 5D2E2A142C2BCA1B00111C09 /* Assets.xcassets */; };
		5D2E2A182C2BCA1B00111C09 /* Preview Assets.xcassets in Resources */ = {isa = PBXBuildFile; fileRef = 5D2E2A172C2BCA1B00111C09 /* Preview Assets.xcassets */; };
		5D2E2A232C2BCA1C00111C09 /* TwoTests.swift in Sources */ = {isa = PBXBuildFile; fileRef = 5D2E2A222C2BCA1C00111C09 /* TwoTests.swift */; };
		5D2E2A2D2C2BD4E700111C09 /* ImmersiveView.swift in Sources */ = {isa = PBXBuildFile; fileRef = 5D2E2A2C2C2BD4E700111C09 /* ImmersiveView.swift */; };
/* End PBXBuildFile section */

/* Begin PBXContainerItemProxy section */
		5D2E2A1F2C2BCA1C00111C09 /* PBXContainerItemProxy */ = {
			isa = PBXContainerItemProxy;
			containerPortal = 5D2E2A012C2BCA1B00111C09 /* Project object */;
			proxyType = 1;
			remoteGlobalIDString = 5D2E2A082C2BCA1B00111C09;
			remoteInfo = Two;
		};
/* End PBXContainerItemProxy section */

/* Begin PBXFileReference section */
		5D2A37312C2EAE4E00765F1E /* SwiftUIView.swift */ = {isa = PBXFileReference; lastKnownFileType = sourcecode.swift; path = SwiftUIView.swift; sourceTree = "<group>"; };
		5D2E2A092C2BCA1B00111C09 /* Two.app */ = {isa = PBXFileReference; explicitFileType = wrapper.application; includeInIndex = 0; path = Two.app; sourceTree = BUILT_PRODUCTS_DIR; };
		5D2E2A0D2C2BCA1B00111C09 /* RealityKitContent */ = {isa = PBXFileReference; lastKnownFileType = wrapper; path = RealityKitContent; sourceTree = "<group>"; };
		5D2E2A102C2BCA1B00111C09 /* TwoApp.swift */ = {isa = PBXFileReference; lastKnownFileType = sourcecode.swift; path = TwoApp.swift; sourceTree = "<group>"; };
		5D2E2A122C2BCA1B00111C09 /* ContentView.swift */ = {isa = PBXFileReference; lastKnownFileType = sourcecode.swift; path = ContentView.swift; sourceTree = "<group>"; };
		5D2E2A142C2BCA1B00111C09 /* Assets.xcassets */ = {isa = PBXFileReference; lastKnownFileType = folder.assetcatalog; path = Assets.xcassets; sourceTree = "<group>"; };
		5D2E2A172C2BCA1B00111C09 /* Preview Assets.xcassets */ = {isa = PBXFileReference; lastKnownFileType = folder.assetcatalog; path = "Preview Assets.xcassets"; sourceTree = "<group>"; };
		5D2E2A192C2BCA1B00111C09 /* Info.plist */ = {isa = PBXFileReference; lastKnownFileType = text.plist.xml; path = Info.plist; sourceTree = "<group>"; };
		5D2E2A1E2C2BCA1C00111C09 /* TwoTests.xctest */ = {isa = PBXFileReference; explicitFileType = wrapper.cfbundle; includeInIndex = 0; path = TwoTests.xctest; sourceTree = BUILT_PRODUCTS_DIR; };
		5D2E2A222C2BCA1C00111C09 /* TwoTests.swift */ = {isa = PBXFileReference; lastKnownFileType = sourcecode.swift; path = TwoTests.swift; sourceTree = "<group>"; };
		5D2E2A2C2C2BD4E700111C09 /* ImmersiveView.swift */ = {isa = PBXFileReference; lastKnownFileType = sourcecode.swift; path = ImmersiveView.swift; sourceTree = "<group>"; };
/* End PBXFileReference section */

/* Begin PBXFrameworksBuildPhase section */
		5D2E2A062C2BCA1B00111C09 /* Frameworks */ = {
			isa = PBXFrameworksBuildPhase;
			buildActionMask = 2147483647;
			files = (
				5D2E2A0F2C2BCA1B00111C09 /* RealityKitContent in Frameworks */,
			);
			runOnlyForDeploymentPostprocessing = 0;
		};
		5D2E2A1B2C2BCA1C00111C09 /* Frameworks */ = {
			isa = PBXFrameworksBuildPhase;
			buildActionMask = 2147483647;
			files = (
			);
			runOnlyForDeploymentPostprocessing = 0;
		};
/* End PBXFrameworksBuildPhase section */

/* Begin PBXGroup section */
		5D2E2A002C2BCA1B00111C09 = {
			isa = PBXGroup;
			children = (
				5D2E2A0B2C2BCA1B00111C09 /* Two */,
				5D2E2A0C2C2BCA1B00111C09 /* Packages */,
				5D2E2A212C2BCA1C00111C09 /* TwoTests */,
				5D2E2A0A2C2BCA1B00111C09 /* Products */,
			);
			sourceTree = "<group>";
		};
		5D2E2A0A2C2BCA1B00111C09 /* Products */ = {
			isa = PBXGroup;
			children = (
				5D2E2A092C2BCA1B00111C09 /* Two.app */,
				5D2E2A1E2C2BCA1C00111C09 /* TwoTests.xctest */,
			);
			name = Products;
			sourceTree = "<group>";
		};
		5D2E2A0B2C2BCA1B00111C09 /* Two */ = {
			isa = PBXGroup;
			children = (
				5D2E2A102C2BCA1B00111C09 /* TwoApp.swift */,
				5D2E2A122C2BCA1B00111C09 /* ContentView.swift */,
				5D2A37312C2EAE4E00765F1E /* SwiftUIView.swift */,
				5D2E2A142C2BCA1B00111C09 /* Assets.xcassets */,
				5D2E2A192C2BCA1B00111C09 /* Info.plist */,
				5D2E2A162C2BCA1B00111C09 /* Preview Content */,
				5D2E2A2C2C2BD4E700111C09 /* ImmersiveView.swift */,
			);
			path = Two;
			sourceTree = "<group>";
		};
		5D2E2A0C2C2BCA1B00111C09 /* Packages */ = {
			isa = PBXGroup;
			children = (
				5D2E2A0D2C2BCA1B00111C09 /* RealityKitContent */,
			);
			path = Packages;
			sourceTree = "<group>";
		};
		5D2E2A162C2BCA1B00111C09 /* Preview Content */ = {
			isa = PBXGroup;
			children = (
				5D2E2A172C2BCA1B00111C09 /* Preview Assets.xcassets */,
			);
			path = "Preview Content";
			sourceTree = "<group>";
		};
		5D2E2A212C2BCA1C00111C09 /* TwoTests */ = {
			isa = PBXGroup;
			children = (
				5D2E2A222C2BCA1C00111C09 /* TwoTests.swift */,
			);
			path = TwoTests;
			sourceTree = "<group>";
		};
/* End PBXGroup section */

/* Begin PBXNativeTarget section */
		5D2E2A082C2BCA1B00111C09 /* Two */ = {
			isa = PBXNativeTarget;
			buildConfigurationList = 5D2E2A262C2BCA1C00111C09 /* Build configuration list for PBXNativeTarget "Two" */;
			buildPhases = (
				5D2E2A052C2BCA1B00111C09 /* Sources */,
				5D2E2A062C2BCA1B00111C09 /* Frameworks */,
				5D2E2A072C2BCA1B00111C09 /* Resources */,
			);
			buildRules = (
			);
			dependencies = (
			);
			name = Two;
			packageProductDependencies = (
				5D2E2A0E2C2BCA1B00111C09 /* RealityKitContent */,
			);
			productName = Two;
			productReference = 5D2E2A092C2BCA1B00111C09 /* Two.app */;
			productType = "com.apple.product-type.application";
		};
		5D2E2A1D2C2BCA1C00111C09 /* TwoTests */ = {
			isa = PBXNativeTarget;
			buildConfigurationList = 5D2E2A292C2BCA1C00111C09 /* Build configuration list for PBXNativeTarget "TwoTests" */;
			buildPhases = (
				5D2E2A1A2C2BCA1C00111C09 /* Sources */,
				5D2E2A1B2C2BCA1C00111C09 /* Frameworks */,
				5D2E2A1C2C2BCA1C00111C09 /* Resources */,
			);
			buildRules = (
			);
			dependencies = (
				5D2E2A202C2BCA1C00111C09 /* PBXTargetDependency */,
			);
			name = TwoTests;
			productName = TwoTests;
			productReference = 5D2E2A1E2C2BCA1C00111C09 /* TwoTests.xctest */;
			productType = "com.apple.product-type.bundle.unit-test";
		};
/* End PBXNativeTarget section */

/* Begin PBXProject section */
		5D2E2A012C2BCA1B00111C09 /* Project object */ = {
			isa = PBXProject;
			attributes = {
				BuildIndependentTargetsInParallel = 1;
				LastSwiftUpdateCheck = 1540;
				LastUpgradeCheck = 1540;
				TargetAttributes = {
					5D2E2A082C2BCA1B00111C09 = {
						CreatedOnToolsVersion = 15.4;
					};
					5D2E2A1D2C2BCA1C00111C09 = {
						CreatedOnToolsVersion = 15.4;
						TestTargetID = 5D2E2A082C2BCA1B00111C09;
					};
				};
			};
			buildConfigurationList = 5D2E2A042C2BCA1B00111C09 /* Build configuration list for PBXProject "Two" */;
			compatibilityVersion = "Xcode 14.0";
			developmentRegion = en;
			hasScannedForEncodings = 0;
			knownRegions = (
				en,
				Base,
			);
			mainGroup = 5D2E2A002C2BCA1B00111C09;
			productRefGroup = 5D2E2A0A2C2BCA1B00111C09 /* Products */;
			projectDirPath = "";
			projectRoot = "";
			targets = (
				5D2E2A082C2BCA1B00111C09 /* Two */,
				5D2E2A1D2C2BCA1C00111C09 /* TwoTests */,
			);
		};
/* End PBXProject section */

/* Begin PBXResourcesBuildPhase section */
		5D2E2A072C2BCA1B00111C09 /* Resources */ = {
			isa = PBXResourcesBuildPhase;
			buildActionMask = 2147483647;
			files = (
				5D2E2A182C2BCA1B00111C09 /* Preview Assets.xcassets in Resources */,
				5D2E2A152C2BCA1B00111C09 /* Assets.xcassets in Resources */,
			);
			runOnlyForDeploymentPostprocessing = 0;
		};
		5D2E2A1C2C2BCA1C00111C09 /* Resources */ = {
			isa = PBXResourcesBuildPhase;
			buildActionMask = 2147483647;
			files = (
			);
			runOnlyForDeploymentPostprocessing = 0;
		};
/* End PBXResourcesBuildPhase section */

/* Begin PBXSourcesBuildPhase section */
		5D2E2A052C2BCA1B00111C09 /* Sources */ = {
			isa = PBXSourcesBuildPhase;
			buildActionMask = 2147483647;
			files = (
				5D2E2A132C2BCA1B00111C09 /* ContentView.swift in Sources */,
				5D2E2A112C2BCA1B00111C09 /* TwoApp.swift in Sources */,
				5D2A37322C2EAE4E00765F1E /* SwiftUIView.swift in Sources */,
				5D2E2A2D2C2BD4E700111C09 /* ImmersiveView.swift in Sources */,
			);
			runOnlyForDeploymentPostprocessing = 0;
		};
		5D2E2A1A2C2BCA1C00111C09 /* Sources */ = {
			isa = PBXSourcesBuildPhase;
			buildActionMask = 2147483647;
			files = (
				5D2E2A232C2BCA1C00111C09 /* TwoTests.swift in Sources */,
			);
			runOnlyForDeploymentPostprocessing = 0;
		};
/* End PBXSourcesBuildPhase section */

/* Begin PBXTargetDependency section */
		5D2E2A202C2BCA1C00111C09 /* PBXTargetDependency */ = {
			isa = PBXTargetDependency;
			target = 5D2E2A082C2BCA1B00111C09 /* Two */;
			targetProxy = 5D2E2A1F2C2BCA1C00111C09 /* PBXContainerItemProxy */;
		};
/* End PBXTargetDependency section */

/* Begin XCBuildConfiguration section */
		5D2E2A242C2BCA1C00111C09 /* Debug */ = {
			isa = XCBuildConfiguration;
			buildSettings = {
				ALWAYS_SEARCH_USER_PATHS = NO;
				ASSETCATALOG_COMPILER_GENERATE_SWIFT_ASSET_SYMBOL_EXTENSIONS = YES;
				CLANG_ANALYZER_NONNULL = YES;
				CLANG_ANALYZER_NUMBER_OBJECT_CONVERSION = YES_AGGRESSIVE;
				CLANG_CXX_LANGUAGE_STANDARD = "gnu++20";
				CLANG_ENABLE_MODULES = YES;
				CLANG_ENABLE_OBJC_ARC = YES;
				CLANG_ENABLE_OBJC_WEAK = YES;
				CLANG_WARN_BLOCK_CAPTURE_AUTORELEASING = YES;
				CLANG_WARN_BOOL_CONVERSION = YES;
				CLANG_WARN_COMMA = YES;
				CLANG_WARN_CONSTANT_CONVERSION = YES;
				CLANG_WARN_DEPRECATED_OBJC_IMPLEMENTATIONS = YES;
				CLANG_WARN_DIRECT_OBJC_ISA_USAGE = YES_ERROR;
				CLANG_WARN_DOCUMENTATION_COMMENTS = YES;
				CLANG_WARN_EMPTY_BODY = YES;
				CLANG_WARN_ENUM_CONVERSION = YES;
				CLANG_WARN_INFINITE_RECURSION = YES;
				CLANG_WARN_INT_CONVERSION = YES;
				CLANG_WARN_NON_LITERAL_NULL_CONVERSION = YES;
				CLANG_WARN_OBJC_IMPLICIT_RETAIN_SELF = YES;
				CLANG_WARN_OBJC_LITERAL_CONVERSION = YES;
				CLANG_WARN_OBJC_ROOT_CLASS = YES_ERROR;
				CLANG_WARN_QUOTED_INCLUDE_IN_FRAMEWORK_HEADER = YES;
				CLANG_WARN_RANGE_LOOP_ANALYSIS = YES;
				CLANG_WARN_STRICT_PROTOTYPES = YES;
				CLANG_WARN_SUSPICIOUS_MOVE = YES;
				CLANG_WARN_UNGUARDED_AVAILABILITY = YES_AGGRESSIVE;
				CLANG_WARN_UNREACHABLE_CODE = YES;
				CLANG_WARN__DUPLICATE_METHOD_MATCH = YES;
				COPY_PHASE_STRIP = NO;
				DEBUG_INFORMATION_FORMAT = dwarf;
				ENABLE_STRICT_OBJC_MSGSEND = YES;
				ENABLE_TESTABILITY = YES;
				ENABLE_USER_SCRIPT_SANDBOXING = YES;
				GCC_C_LANGUAGE_STANDARD = gnu17;
				GCC_DYNAMIC_NO_PIC = NO;
				GCC_NO_COMMON_BLOCKS = YES;
				GCC_OPTIMIZATION_LEVEL = 0;
				GCC_PREPROCESSOR_DEFINITIONS = (
					"DEBUG=1",
					"$(inherited)",
				);
				GCC_WARN_64_TO_32_BIT_CONVERSION = YES;
				GCC_WARN_ABOUT_RETURN_TYPE = YES_ERROR;
				GCC_WARN_UNDECLARED_SELECTOR = YES;
				GCC_WARN_UNINITIALIZED_AUTOS = YES_AGGRESSIVE;
				GCC_WARN_UNUSED_FUNCTION = YES;
				GCC_WARN_UNUSED_VARIABLE = YES;
				LOCALIZATION_PREFERS_STRING_CATALOGS = YES;
				MTL_ENABLE_DEBUG_INFO = INCLUDE_SOURCE;
				MTL_FAST_MATH = YES;
				ONLY_ACTIVE_ARCH = YES;
				SDKROOT = xros;
				SWIFT_ACTIVE_COMPILATION_CONDITIONS = "DEBUG $(inherited)";
				SWIFT_OPTIMIZATION_LEVEL = "-Onone";
				XROS_DEPLOYMENT_TARGET = 1.2;
			};
			name = Debug;
		};
		5D2E2A252C2BCA1C00111C09 /* Release */ = {
			isa = XCBuildConfiguration;
			buildSettings = {
				ALWAYS_SEARCH_USER_PATHS = NO;
				ASSETCATALOG_COMPILER_GENERATE_SWIFT_ASSET_SYMBOL_EXTENSIONS = YES;
				CLANG_ANALYZER_NONNULL = YES;
				CLANG_ANALYZER_NUMBER_OBJECT_CONVERSION = YES_AGGRESSIVE;
				CLANG_CXX_LANGUAGE_STANDARD = "gnu++20";
				CLANG_ENABLE_MODULES = YES;
				CLANG_ENABLE_OBJC_ARC = YES;
				CLANG_ENABLE_OBJC_WEAK = YES;
				CLANG_WARN_BLOCK_CAPTURE_AUTORELEASING = YES;
				CLANG_WARN_BOOL_CONVERSION = YES;
				CLANG_WARN_COMMA = YES;
				CLANG_WARN_CONSTANT_CONVERSION = YES;
				CLANG_WARN_DEPRECATED_OBJC_IMPLEMENTATIONS = YES;
				CLANG_WARN_DIRECT_OBJC_ISA_USAGE = YES_ERROR;
				CLANG_WARN_DOCUMENTATION_COMMENTS = YES;
				CLANG_WARN_EMPTY_BODY = YES;
				CLANG_WARN_ENUM_CONVERSION = YES;
				CLANG_WARN_INFINITE_RECURSION = YES;
				CLANG_WARN_INT_CONVERSION = YES;
				CLANG_WARN_NON_LITERAL_NULL_CONVERSION = YES;
				CLANG_WARN_OBJC_IMPLICIT_RETAIN_SELF = YES;
				CLANG_WARN_OBJC_LITERAL_CONVERSION = YES;
				CLANG_WARN_OBJC_ROOT_CLASS = YES_ERROR;
				CLANG_WARN_QUOTED_INCLUDE_IN_FRAMEWORK_HEADER = YES;
				CLANG_WARN_RANGE_LOOP_ANALYSIS = YES;
				CLANG_WARN_STRICT_PROTOTYPES = YES;
				CLANG_WARN_SUSPICIOUS_MOVE = YES;
				CLANG_WARN_UNGUARDED_AVAILABILITY = YES_AGGRESSIVE;
				CLANG_WARN_UNREACHABLE_CODE = YES;
				CLANG_WARN__DUPLICATE_METHOD_MATCH = YES;
				COPY_PHASE_STRIP = NO;
				DEBUG_INFORMATION_FORMAT = "dwarf-with-dsym";
				ENABLE_NS_ASSERTIONS = NO;
				ENABLE_STRICT_OBJC_MSGSEND = YES;
				ENABLE_USER_SCRIPT_SANDBOXING = YES;
				GCC_C_LANGUAGE_STANDARD = gnu17;
				GCC_NO_COMMON_BLOCKS = YES;
				GCC_WARN_64_TO_32_BIT_CONVERSION = YES;
				GCC_WARN_ABOUT_RETURN_TYPE = YES_ERROR;
				GCC_WARN_UNDECLARED_SELECTOR = YES;
				GCC_WARN_UNINITIALIZED_AUTOS = YES_AGGRESSIVE;
				GCC_WARN_UNUSED_FUNCTION = YES;
				GCC_WARN_UNUSED_VARIABLE = YES;
				LOCALIZATION_PREFERS_STRING_CATALOGS = YES;
				MTL_ENABLE_DEBUG_INFO = NO;
				MTL_FAST_MATH = YES;
				SDKROOT = xros;
				SWIFT_COMPILATION_MODE = wholemodule;
				VALIDATE_PRODUCT = YES;
				XROS_DEPLOYMENT_TARGET = 1.2;
			};
			name = Release;
		};
		5D2E2A272C2BCA1C00111C09 /* Debug */ = {
			isa = XCBuildConfiguration;
			buildSettings = {
				ASSETCATALOG_COMPILER_APPICON_NAME = AppIcon;
				ASSETCATALOG_COMPILER_GLOBAL_ACCENT_COLOR_NAME = AccentColor;
				CODE_SIGN_STYLE = Automatic;
				CURRENT_PROJECT_VERSION = 1;
				DEVELOPMENT_ASSET_PATHS = "\"Two/Preview Content\"";
				DEVELOPMENT_TEAM = DW55M9TN8G;
				ENABLE_PREVIEWS = YES;
				GENERATE_INFOPLIST_FILE = YES;
				INFOPLIST_FILE = "$(TARGET_NAME)/Info.plist";
				LD_RUNPATH_SEARCH_PATHS = (
					"$(inherited)",
					"@executable_path/Frameworks",
				);
				MARKETING_VERSION = 1.0;
				PRODUCT_BUNDLE_IDENTIFIER = com.shuaruta.Two;
				PRODUCT_NAME = "$(TARGET_NAME)";
				SUPPORTED_PLATFORMS = "xros xrsimulator";
				SWIFT_EMIT_LOC_STRINGS = YES;
				SWIFT_VERSION = 5.0;
				TARGETED_DEVICE_FAMILY = "1,2,7";
			};
			name = Debug;
		};
		5D2E2A282C2BCA1C00111C09 /* Release */ = {
			isa = XCBuildConfiguration;
			buildSettings = {
				ASSETCATALOG_COMPILER_APPICON_NAME = AppIcon;
				ASSETCATALOG_COMPILER_GLOBAL_ACCENT_COLOR_NAME = AccentColor;
				CODE_SIGN_STYLE = Automatic;
				CURRENT_PROJECT_VERSION = 1;
				DEVELOPMENT_ASSET_PATHS = "\"Two/Preview Content\"";
				DEVELOPMENT_TEAM = DW55M9TN8G;
				ENABLE_PREVIEWS = YES;
				GENERATE_INFOPLIST_FILE = YES;
				INFOPLIST_FILE = "$(TARGET_NAME)/Info.plist";
				LD_RUNPATH_SEARCH_PATHS = (
					"$(inherited)",
					"@executable_path/Frameworks",
				);
				MARKETING_VERSION = 1.0;
				PRODUCT_BUNDLE_IDENTIFIER = com.shuaruta.Two;
				PRODUCT_NAME = "$(TARGET_NAME)";
				SUPPORTED_PLATFORMS = "xros xrsimulator";
				SWIFT_EMIT_LOC_STRINGS = YES;
				SWIFT_VERSION = 5.0;
				TARGETED_DEVICE_FAMILY = "1,2,7";
			};
			name = Release;
		};
		5D2E2A2A2C2BCA1C00111C09 /* Debug */ = {
			isa = XCBuildConfiguration;
			buildSettings = {
				ALWAYS_EMBED_SWIFT_STANDARD_LIBRARIES = YES;
				BUNDLE_LOADER = "$(TEST_HOST)";
				CODE_SIGN_STYLE = Automatic;
				CURRENT_PROJECT_VERSION = 1;
				DEVELOPMENT_TEAM = DW55M9TN8G;
				GENERATE_INFOPLIST_FILE = YES;
				MARKETING_VERSION = 1.0;
				PRODUCT_BUNDLE_IDENTIFIER = com.shuaruta.TwoTests;
				PRODUCT_NAME = "$(TARGET_NAME)";
				SUPPORTED_PLATFORMS = "xros xrsimulator";
				SWIFT_EMIT_LOC_STRINGS = NO;
				SWIFT_VERSION = 5.0;
				TARGETED_DEVICE_FAMILY = "1,2,7";
				TEST_HOST = "$(BUILT_PRODUCTS_DIR)/Two.app/$(BUNDLE_EXECUTABLE_FOLDER_PATH)/Two";
				XROS_DEPLOYMENT_TARGET = 1.2;
			};
			name = Debug;
		};
		5D2E2A2B2C2BCA1C00111C09 /* Release */ = {
			isa = XCBuildConfiguration;
			buildSettings = {
				ALWAYS_EMBED_SWIFT_STANDARD_LIBRARIES = YES;
				BUNDLE_LOADER = "$(TEST_HOST)";
				CODE_SIGN_STYLE = Automatic;
				CURRENT_PROJECT_VERSION = 1;
				DEVELOPMENT_TEAM = DW55M9TN8G;
				GENERATE_INFOPLIST_FILE = YES;
				MARKETING_VERSION = 1.0;
				PRODUCT_BUNDLE_IDENTIFIER = com.shuaruta.TwoTests;
				PRODUCT_NAME = "$(TARGET_NAME)";
				SUPPORTED_PLATFORMS = "xros xrsimulator";
				SWIFT_EMIT_LOC_STRINGS = NO;
				SWIFT_VERSION = 5.0;
				TARGETED_DEVICE_FAMILY = "1,2,7";
				TEST_HOST = "$(BUILT_PRODUCTS_DIR)/Two.app/$(BUNDLE_EXECUTABLE_FOLDER_PATH)/Two";
				XROS_DEPLOYMENT_TARGET = 1.2;
			};
			name = Release;
		};
/* End XCBuildConfiguration section */

/* Begin XCConfigurationList section */
		5D2E2A042C2BCA1B00111C09 /* Build configuration list for PBXProject "Two" */ = {
			isa = XCConfigurationList;
			buildConfigurations = (
				5D2E2A242C2BCA1C00111C09 /* Debug */,
				5D2E2A252C2BCA1C00111C09 /* Release */,
			);
			defaultConfigurationIsVisible = 0;
			defaultConfigurationName = Release;
		};
		5D2E2A262C2BCA1C00111C09 /* Build configuration list for PBXNativeTarget "Two" */ = {
			isa = XCConfigurationList;
			buildConfigurations = (
				5D2E2A272C2BCA1C00111C09 /* Debug */,
				5D2E2A282C2BCA1C00111C09 /* Release */,
			);
			defaultConfigurationIsVisible = 0;
			defaultConfigurationName = Release;
		};
		5D2E2A292C2BCA1C00111C09 /* Build configuration list for PBXNativeTarget "TwoTests" */ = {
			isa = XCConfigurationList;
			buildConfigurations = (
				5D2E2A2A2C2BCA1C00111C09 /* Debug */,
				5D2E2A2B2C2BCA1C00111C09 /* Release */,
			);
			defaultConfigurationIsVisible = 0;
			defaultConfigurationName = Release;
		};
/* End XCConfigurationList section */

/* Begin XCSwiftPackageProductDependency section */
		5D2E2A0E2C2BCA1B00111C09 /* RealityKitContent */ = {
			isa = XCSwiftPackageProductDependency;
			productName = RealityKitContent;
		};
/* End XCSwiftPackageProductDependency section */
	};
	rootObject = 5D2E2A012C2BCA1B00111C09 /* Project object */;
}
